// !$*UTF8*$!
{
	archiveVersion = 1;
	classes = {
	};
	objectVersion = 56;
	objects = {

/* Begin PBXBuildFile section */
		BF64D0E52A14D8DB0025250B /* CountApp.swift in Sources */ = {isa = PBXBuildFile; fileRef = BF64D0E42A14D8DB0025250B /* CountApp.swift */; };
		BF64D0E72A14D8DB0025250B /* ContentView.swift in Sources */ = {isa = PBXBuildFile; fileRef = BF64D0E62A14D8DB0025250B /* ContentView.swift */; };
		BF64D0E92A14D8DD0025250B /* Assets.xcassets in Resources */ = {isa = PBXBuildFile; fileRef = BF64D0E82A14D8DD0025250B /* Assets.xcassets */; };
		BF64D0EC2A14D8DD0025250B /* Preview Assets.xcassets in Resources */ = {isa = PBXBuildFile; fileRef = BF64D0EB2A14D8DD0025250B /* Preview Assets.xcassets */; };
		BF64D0F62A14D8DD0025250B /* CountTests.swift in Sources */ = {isa = PBXBuildFile; fileRef = BF64D0F52A14D8DD0025250B /* CountTests.swift */; };
		BF64D1002A14D8DD0025250B /* CountUITests.swift in Sources */ = {isa = PBXBuildFile; fileRef = BF64D0FF2A14D8DD0025250B /* CountUITests.swift */; };
		BF64D1022A14D8DD0025250B /* CountUITestsLaunchTests.swift in Sources */ = {isa = PBXBuildFile; fileRef = BF64D1012A14D8DD0025250B /* CountUITestsLaunchTests.swift */; };
/* End PBXBuildFile section */

/* Begin PBXContainerItemProxy section */
		BF64D0F22A14D8DD0025250B /* PBXContainerItemProxy */ = {
			isa = PBXContainerItemProxy;
			containerPortal = BF64D0D92A14D8DB0025250B /* Project object */;
			proxyType = 1;
			remoteGlobalIDString = BF64D0E02A14D8DB0025250B;
			remoteInfo = Count;
		};
		BF64D0FC2A14D8DD0025250B /* PBXContainerItemProxy */ = {
			isa = PBXContainerItemProxy;
			containerPortal = BF64D0D92A14D8DB0025250B /* Project object */;
			proxyType = 1;
			remoteGlobalIDString = BF64D0E02A14D8DB0025250B;
			remoteInfo = Count;
		};
/* End PBXContainerItemProxy section */

/* Begin PBXFileReference section */
		BF64D0E12A14D8DB0025250B /* Count.app */ = {isa = PBXFileReference; explicitFileType = wrapper.application; includeInIndex = 0; path = Count.app; sourceTree = BUILT_PRODUCTS_DIR; };
		BF64D0E42A14D8DB0025250B /* CountApp.swift */ = {isa = PBXFileReference; lastKnownFileType = sourcecode.swift; path = CountApp.swift; sourceTree = "<group>"; };
		BF64D0E62A14D8DB0025250B /* ContentView.swift */ = {isa = PBXFileReference; lastKnownFileType = sourcecode.swift; path = ContentView.swift; sourceTree = "<group>"; };
		BF64D0E82A14D8DD0025250B /* Assets.xcassets */ = {isa = PBXFileReference; lastKnownFileType = folder.assetcatalog; path = Assets.xcassets; sourceTree = "<group>"; };
		BF64D0EB2A14D8DD0025250B /* Preview Assets.xcassets */ = {isa = PBXFileReference; lastKnownFileType = folder.assetcatalog; path = "Preview Assets.xcassets"; sourceTree = "<group>"; };
		BF64D0F12A14D8DD0025250B /* CountTests.xctest */ = {isa = PBXFileReference; explicitFileType = wrapper.cfbundle; includeInIndex = 0; path = CountTests.xctest; sourceTree = BUILT_PRODUCTS_DIR; };
		BF64D0F52A14D8DD0025250B /* CountTests.swift */ = {isa = PBXFileReference; lastKnownFileType = sourcecode.swift; path = CountTests.swift; sourceTree = "<group>"; };
		BF64D0FB2A14D8DD0025250B /* CountUITests.xctest */ = {isa = PBXFileReference; explicitFileType = wrapper.cfbundle; includeInIndex = 0; path = CountUITests.xctest; sourceTree = BUILT_PRODUCTS_DIR; };
		BF64D0FF2A14D8DD0025250B /* CountUITests.swift */ = {isa = PBXFileReference; lastKnownFileType = sourcecode.swift; path = CountUITests.swift; sourceTree = "<group>"; };
		BF64D1012A14D8DD0025250B /* CountUITestsLaunchTests.swift */ = {isa = PBXFileReference; lastKnownFileType = sourcecode.swift; path = CountUITestsLaunchTests.swift; sourceTree = "<group>"; };
/* End PBXFileReference section */

/* Begin PBXFrameworksBuildPhase section */
		BF64D0DE2A14D8DB0025250B /* Frameworks */ = {
			isa = PBXFrameworksBuildPhase;
			buildActionMask = 2147483647;
			files = (
			);
			runOnlyForDeploymentPostprocessing = 0;
		};
		BF64D0EE2A14D8DD0025250B /* Frameworks */ = {
			isa = PBXFrameworksBuildPhase;
			buildActionMask = 2147483647;
			files = (
			);
			runOnlyForDeploymentPostprocessing = 0;
		};
		BF64D0F82A14D8DD0025250B /* Frameworks */ = {
			isa = PBXFrameworksBuildPhase;
			buildActionMask = 2147483647;
			files = (
			);
			runOnlyForDeploymentPostprocessing = 0;
		};
/* End PBXFrameworksBuildPhase section */

/* Begin PBXGroup section */
		BF64D0D82A14D8DB0025250B = {
			isa = PBXGroup;
			children = (
				BF64D0E32A14D8DB0025250B /* Count */,
				BF64D0F42A14D8DD0025250B /* CountTests */,
				BF64D0FE2A14D8DD0025250B /* CountUITests */,
				BF64D0E22A14D8DB0025250B /* Products */,
			);
			sourceTree = "<group>";
		};
		BF64D0E22A14D8DB0025250B /* Products */ = {
			isa = PBXGroup;
			children = (
				BF64D0E12A14D8DB0025250B /* Count.app */,
				BF64D0F12A14D8DD0025250B /* CountTests.xctest */,
				BF64D0FB2A14D8DD0025250B /* CountUITests.xctest */,
			);
			name = Products;
			sourceTree = "<group>";
		};
		BF64D0E32A14D8DB0025250B /* Count */ = {
			isa = PBXGroup;
			children = (
				BF64D0E42A14D8DB0025250B /* CountApp.swift */,
				BF64D0E62A14D8DB0025250B /* ContentView.swift */,
				BF64D0E82A14D8DD0025250B /* Assets.xcassets */,
				BF64D0EA2A14D8DD0025250B /* Preview Content */,
			);
			path = Count;
			sourceTree = "<group>";
		};
		BF64D0EA2A14D8DD0025250B /* Preview Content */ = {
			isa = PBXGroup;
			children = (
				BF64D0EB2A14D8DD0025250B /* Preview Assets.xcassets */,
			);
			path = "Preview Content";
			sourceTree = "<group>";
		};
		BF64D0F42A14D8DD0025250B /* CountTests */ = {
			isa = PBXGroup;
			children = (
				BF64D0F52A14D8DD0025250B /* CountTests.swift */,
			);
			path = CountTests;
			sourceTree = "<group>";
		};
		BF64D0FE2A14D8DD0025250B /* CountUITests */ = {
			isa = PBXGroup;
			children = (
				BF64D0FF2A14D8DD0025250B /* CountUITests.swift */,
				BF64D1012A14D8DD0025250B /* CountUITestsLaunchTests.swift */,
			);
			path = CountUITests;
			sourceTree = "<group>";
		};
/* End PBXGroup section */

/* Begin PBXNativeTarget section */
		BF64D0E02A14D8DB0025250B /* Count */ = {
			isa = PBXNativeTarget;
			buildConfigurationList = BF64D1052A14D8DD0025250B /* Build configuration list for PBXNativeTarget "Count" */;
			buildPhases = (
				BF64D0DD2A14D8DB0025250B /* Sources */,
				BF64D0DE2A14D8DB0025250B /* Frameworks */,
				BF64D0DF2A14D8DB0025250B /* Resources */,
			);
			buildRules = (
			);
			dependencies = (
			);
			name = Count;
			productName = Count;
			productReference = BF64D0E12A14D8DB0025250B /* Count.app */;
			productType = "com.apple.product-type.application";
		};
		BF64D0F02A14D8DD0025250B /* CountTests */ = {
			isa = PBXNativeTarget;
			buildConfigurationList = BF64D1082A14D8DD0025250B /* Build configuration list for PBXNativeTarget "CountTests" */;
			buildPhases = (
				BF64D0ED2A14D8DD0025250B /* Sources */,
				BF64D0EE2A14D8DD0025250B /* Frameworks */,
				BF64D0EF2A14D8DD0025250B /* Resources */,
			);
			buildRules = (
			);
			dependencies = (
				BF64D0F32A14D8DD0025250B /* PBXTargetDependency */,
			);
			name = CountTests;
			productName = CountTests;
			productReference = BF64D0F12A14D8DD0025250B /* CountTests.xctest */;
			productType = "com.apple.product-type.bundle.unit-test";
		};
		BF64D0FA2A14D8DD0025250B /* CountUITests */ = {
			isa = PBXNativeTarget;
			buildConfigurationList = BF64D10B2A14D8DD0025250B /* Build configuration list for PBXNativeTarget "CountUITests" */;
			buildPhases = (
				BF64D0F72A14D8DD0025250B /* Sources */,
				BF64D0F82A14D8DD0025250B /* Frameworks */,
				BF64D0F92A14D8DD0025250B /* Resources */,
			);
			buildRules = (
			);
			dependencies = (
				BF64D0FD2A14D8DD0025250B /* PBXTargetDependency */,
			);
			name = CountUITests;
			productName = CountUITests;
			productReference = BF64D0FB2A14D8DD0025250B /* CountUITests.xctest */;
			productType = "com.apple.product-type.bundle.ui-testing";
		};
/* End PBXNativeTarget section */

/* Begin PBXProject section */
		BF64D0D92A14D8DB0025250B /* Project object */ = {
			isa = PBXProject;
			attributes = {
				BuildIndependentTargetsInParallel = 1;
				LastSwiftUpdateCheck = 1430;
				LastUpgradeCheck = 1430;
				TargetAttributes = {
					BF64D0E02A14D8DB0025250B = {
						CreatedOnToolsVersion = 14.3;
					};
					BF64D0F02A14D8DD0025250B = {
						CreatedOnToolsVersion = 14.3;
						TestTargetID = BF64D0E02A14D8DB0025250B;
					};
					BF64D0FA2A14D8DD0025250B = {
						CreatedOnToolsVersion = 14.3;
						TestTargetID = BF64D0E02A14D8DB0025250B;
					};
				};
			};
			buildConfigurationList = BF64D0DC2A14D8DB0025250B /* Build configuration list for PBXProject "Count" */;
			compatibilityVersion = "Xcode 14.0";
			developmentRegion = en;
			hasScannedForEncodings = 0;
			knownRegions = (
				en,
				Base,
			);
			mainGroup = BF64D0D82A14D8DB0025250B;
			productRefGroup = BF64D0E22A14D8DB0025250B /* Products */;
			projectDirPath = "";
			projectRoot = "";
			targets = (
				BF64D0E02A14D8DB0025250B /* Count */,
				BF64D0F02A14D8DD0025250B /* CountTests */,
				BF64D0FA2A14D8DD0025250B /* CountUITests */,
			);
		};
/* End PBXProject section */

/* Begin PBXResourcesBuildPhase section */
		BF64D0DF2A14D8DB0025250B /* Resources */ = {
			isa = PBXResourcesBuildPhase;
			buildActionMask = 2147483647;
			files = (
				BF64D0EC2A14D8DD0025250B /* Preview Assets.xcassets in Resources */,
				BF64D0E92A14D8DD0025250B /* Assets.xcassets in Resources */,
			);
			runOnlyForDeploymentPostprocessing = 0;
		};
		BF64D0EF2A14D8DD0025250B /* Resources */ = {
			isa = PBXResourcesBuildPhase;
			buildActionMask = 2147483647;
			files = (
			);
			runOnlyForDeploymentPostprocessing = 0;
		};
		BF64D0F92A14D8DD0025250B /* Resources */ = {
			isa = PBXResourcesBuildPhase;
			buildActionMask = 2147483647;
			files = (
			);
			runOnlyForDeploymentPostprocessing = 0;
		};
/* End PBXResourcesBuildPhase section */

/* Begin PBXSourcesBuildPhase section */
		BF64D0DD2A14D8DB0025250B /* Sources */ = {
			isa = PBXSourcesBuildPhase;
			buildActionMask = 2147483647;
			files = (
				BF64D0E72A14D8DB0025250B /* ContentView.swift in Sources */,
				BF64D0E52A14D8DB0025250B /* CountApp.swift in Sources */,
			);
			runOnlyForDeploymentPostprocessing = 0;
		};
		BF64D0ED2A14D8DD0025250B /* Sources */ = {
			isa = PBXSourcesBuildPhase;
			buildActionMask = 2147483647;
			files = (
				BF64D0F62A14D8DD0025250B /* CountTests.swift in Sources */,
			);
			runOnlyForDeploymentPostprocessing = 0;
		};
		BF64D0F72A14D8DD0025250B /* Sources */ = {
			isa = PBXSourcesBuildPhase;
			buildActionMask = 2147483647;
			files = (
				BF64D1022A14D8DD0025250B /* CountUITestsLaunchTests.swift in Sources */,
				BF64D1002A14D8DD0025250B /* CountUITests.swift in Sources */,
			);
			runOnlyForDeploymentPostprocessing = 0;
		};
/* End PBXSourcesBuildPhase section */

/* Begin PBXTargetDependency section */
		BF64D0F32A14D8DD0025250B /* PBXTargetDependency */ = {
			isa = PBXTargetDependency;
			target = BF64D0E02A14D8DB0025250B /* Count */;
			targetProxy = BF64D0F22A14D8DD0025250B /* PBXContainerItemProxy */;
		};
		BF64D0FD2A14D8DD0025250B /* PBXTargetDependency */ = {
			isa = PBXTargetDependency;
			target = BF64D0E02A14D8DB0025250B /* Count */;
			targetProxy = BF64D0FC2A14D8DD0025250B /* PBXContainerItemProxy */;
		};
/* End PBXTargetDependency section */

/* Begin XCBuildConfiguration section */
		BF64D1032A14D8DD0025250B /* Debug */ = {
			isa = XCBuildConfiguration;
			buildSettings = {
				ALWAYS_SEARCH_USER_PATHS = NO;
				CLANG_ANALYZER_NONNULL = YES;
				CLANG_ANALYZER_NUMBER_OBJECT_CONVERSION = YES_AGGRESSIVE;
				CLANG_CXX_LANGUAGE_STANDARD = "gnu++20";
				CLANG_ENABLE_MODULES = YES;
				CLANG_ENABLE_OBJC_ARC = YES;
				CLANG_ENABLE_OBJC_WEAK = YES;
				CLANG_WARN_BLOCK_CAPTURE_AUTORELEASING = YES;
				CLANG_WARN_BOOL_CONVERSION = YES;
				CLANG_WARN_COMMA = YES;
				CLANG_WARN_CONSTANT_CONVERSION = YES;
				CLANG_WARN_DEPRECATED_OBJC_IMPLEMENTATIONS = YES;
				CLANG_WARN_DIRECT_OBJC_ISA_USAGE = YES_ERROR;
				CLANG_WARN_DOCUMENTATION_COMMENTS = YES;
				CLANG_WARN_EMPTY_BODY = YES;
				CLANG_WARN_ENUM_CONVERSION = YES;
				CLANG_WARN_INFINITE_RECURSION = YES;
				CLANG_WARN_INT_CONVERSION = YES;
				CLANG_WARN_NON_LITERAL_NULL_CONVERSION = YES;
				CLANG_WARN_OBJC_IMPLICIT_RETAIN_SELF = YES;
				CLANG_WARN_OBJC_LITERAL_CONVERSION = YES;
				CLANG_WARN_OBJC_ROOT_CLASS = YES_ERROR;
				CLANG_WARN_QUOTED_INCLUDE_IN_FRAMEWORK_HEADER = YES;
				CLANG_WARN_RANGE_LOOP_ANALYSIS = YES;
				CLANG_WARN_STRICT_PROTOTYPES = YES;
				CLANG_WARN_SUSPICIOUS_MOVE = YES;
				CLANG_WARN_UNGUARDED_AVAILABILITY = YES_AGGRESSIVE;
				CLANG_WARN_UNREACHABLE_CODE = YES;
				CLANG_WARN__DUPLICATE_METHOD_MATCH = YES;
				COPY_PHASE_STRIP = NO;
				DEBUG_INFORMATION_FORMAT = dwarf;
				ENABLE_STRICT_OBJC_MSGSEND = YES;
				ENABLE_TESTABILITY = YES;
				GCC_C_LANGUAGE_STANDARD = gnu11;
				GCC_DYNAMIC_NO_PIC = NO;
				GCC_NO_COMMON_BLOCKS = YES;
				GCC_OPTIMIZATION_LEVEL = 0;
				GCC_PREPROCESSOR_DEFINITIONS = (
					"DEBUG=1",
					"$(inherited)",
				);
				GCC_WARN_64_TO_32_BIT_CONVERSION = YES;
				GCC_WARN_ABOUT_RETURN_TYPE = YES_ERROR;
				GCC_WARN_UNDECLARED_SELECTOR = YES;
				GCC_WARN_UNINITIALIZED_AUTOS = YES_AGGRESSIVE;
				GCC_WARN_UNUSED_FUNCTION = YES;
				GCC_WARN_UNUSED_VARIABLE = YES;
				IPHONEOS_DEPLOYMENT_TARGET = 16.4;
				MTL_ENABLE_DEBUG_INFO = INCLUDE_SOURCE;
				MTL_FAST_MATH = YES;
				ONLY_ACTIVE_ARCH = YES;
				SDKROOT = iphoneos;
				SWIFT_ACTIVE_COMPILATION_CONDITIONS = DEBUG;
				SWIFT_OPTIMIZATION_LEVEL = "-Onone";
			};
			name = Debug;
		};
		BF64D1042A14D8DD0025250B /* Release */ = {
			isa = XCBuildConfiguration;
			buildSettings = {
				ALWAYS_SEARCH_USER_PATHS = NO;
				CLANG_ANALYZER_NONNULL = YES;
				CLANG_ANALYZER_NUMBER_OBJECT_CONVERSION = YES_AGGRESSIVE;
				CLANG_CXX_LANGUAGE_STANDARD = "gnu++20";
				CLANG_ENABLE_MODULES = YES;
				CLANG_ENABLE_OBJC_ARC = YES;
				CLANG_ENABLE_OBJC_WEAK = YES;
				CLANG_WARN_BLOCK_CAPTURE_AUTORELEASING = YES;
				CLANG_WARN_BOOL_CONVERSION = YES;
				CLANG_WARN_COMMA = YES;
				CLANG_WARN_CONSTANT_CONVERSION = YES;
				CLANG_WARN_DEPRECATED_OBJC_IMPLEMENTATIONS = YES;
				CLANG_WARN_DIRECT_OBJC_ISA_USAGE = YES_ERROR;
				CLANG_WARN_DOCUMENTATION_COMMENTS = YES;
				CLANG_WARN_EMPTY_BODY = YES;
				CLANG_WARN_ENUM_CONVERSION = YES;
				CLANG_WARN_INFINITE_RECURSION = YES;
				CLANG_WARN_INT_CONVERSION = YES;
				CLANG_WARN_NON_LITERAL_NULL_CONVERSION = YES;
				CLANG_WARN_OBJC_IMPLICIT_RETAIN_SELF = YES;
				CLANG_WARN_OBJC_LITERAL_CONVERSION = YES;
				CLANG_WARN_OBJC_ROOT_CLASS = YES_ERROR;
				CLANG_WARN_QUOTED_INCLUDE_IN_FRAMEWORK_HEADER = YES;
				CLANG_WARN_RANGE_LOOP_ANALYSIS = YES;
				CLANG_WARN_STRICT_PROTOTYPES = YES;
				CLANG_WARN_SUSPICIOUS_MOVE = YES;
				CLANG_WARN_UNGUARDED_AVAILABILITY = YES_AGGRESSIVE;
				CLANG_WARN_UNREACHABLE_CODE = YES;
				CLANG_WARN__DUPLICATE_METHOD_MATCH = YES;
				COPY_PHASE_STRIP = NO;
				DEBUG_INFORMATION_FORMAT = "dwarf-with-dsym";
				ENABLE_NS_ASSERTIONS = NO;
				ENABLE_STRICT_OBJC_MSGSEND = YES;
				GCC_C_LANGUAGE_STANDARD = gnu11;
				GCC_NO_COMMON_BLOCKS = YES;
				GCC_WARN_64_TO_32_BIT_CONVERSION = YES;
				GCC_WARN_ABOUT_RETURN_TYPE = YES_ERROR;
				GCC_WARN_UNDECLARED_SELECTOR = YES;
				GCC_WARN_UNINITIALIZED_AUTOS = YES_AGGRESSIVE;
				GCC_WARN_UNUSED_FUNCTION = YES;
				GCC_WARN_UNUSED_VARIABLE = YES;
				IPHONEOS_DEPLOYMENT_TARGET = 16.4;
				MTL_ENABLE_DEBUG_INFO = NO;
				MTL_FAST_MATH = YES;
				SDKROOT = iphoneos;
				SWIFT_COMPILATION_MODE = wholemodule;
				SWIFT_OPTIMIZATION_LEVEL = "-O";
				VALIDATE_PRODUCT = YES;
			};
			name = Release;
		};
		BF64D1062A14D8DD0025250B /* Debug */ = {
			isa = XCBuildConfiguration;
			buildSettings = {
				ASSETCATALOG_COMPILER_APPICON_NAME = AppIcon;
				ASSETCATALOG_COMPILER_GLOBAL_ACCENT_COLOR_NAME = AccentColor;
				CODE_SIGN_STYLE = Automatic;
				CURRENT_PROJECT_VERSION = 1;
				DEVELOPMENT_ASSET_PATHS = "\"Count/Preview Content\"";
				DEVELOPMENT_TEAM = H6WZ83BNAM;
				ENABLE_PREVIEWS = YES;
				GENERATE_INFOPLIST_FILE = YES;
				INFOPLIST_KEY_UIApplicationSceneManifest_Generation = YES;
				INFOPLIST_KEY_UIApplicationSupportsIndirectInputEvents = YES;
				INFOPLIST_KEY_UILaunchScreen_Generation = YES;
				INFOPLIST_KEY_UISupportedInterfaceOrientations_iPad = "UIInterfaceOrientationPortrait UIInterfaceOrientationPortraitUpsideDown UIInterfaceOrientationLandscapeLeft UIInterfaceOrientationLandscapeRight";
				INFOPLIST_KEY_UISupportedInterfaceOrientations_iPhone = "UIInterfaceOrientationPortrait UIInterfaceOrientationLandscapeLeft UIInterfaceOrientationLandscapeRight";
				LD_RUNPATH_SEARCH_PATHS = (
					"$(inherited)",
					"@executable_path/Frameworks",
				);
				MARKETING_VERSION = 1.0;
				PRODUCT_BUNDLE_IDENTIFIER = com.Kurokawa.KURO.Count;
				PRODUCT_NAME = "$(TARGET_NAME)";
				SWIFT_EMIT_LOC_STRINGS = YES;
				SWIFT_VERSION = 5.0;
				TARGETED_DEVICE_FAMILY = "1,2";
			};
			name = Debug;
		};
		BF64D1072A14D8DD0025250B /* Release */ = {
			isa = XCBuildConfiguration;
			buildSettings = {
				ASSETCATALOG_COMPILER_APPICON_NAME = AppIcon;
				ASSETCATALOG_COMPILER_GLOBAL_ACCENT_COLOR_NAME = AccentColor;
				CODE_SIGN_STYLE = Automatic;
				CURRENT_PROJECT_VERSION = 1;
				DEVELOPMENT_ASSET_PATHS = "\"Count/Preview Content\"";
				DEVELOPMENT_TEAM = H6WZ83BNAM;
				ENABLE_PREVIEWS = YES;
				GENERATE_INFOPLIST_FILE = YES;
				INFOPLIST_KEY_UIApplicationSceneManifest_Generation = YES;
				INFOPLIST_KEY_UIApplicationSupportsIndirectInputEvents = YES;
				INFOPLIST_KEY_UILaunchScreen_Generation = YES;
				INFOPLIST_KEY_UISupportedInterfaceOrientations_iPad = "UIInterfaceOrientationPortrait UIInterfaceOrientationPortraitUpsideDown UIInterfaceOrientationLandscapeLeft UIInterfaceOrientationLandscapeRight";
				INFOPLIST_KEY_UISupportedInterfaceOrientations_iPhone = "UIInterfaceOrientationPortrait UIInterfaceOrientationLandscapeLeft UIInterfaceOrientationLandscapeRight";
				LD_RUNPATH_SEARCH_PATHS = (
					"$(inherited)",
					"@executable_path/Frameworks",
				);
				MARKETING_VERSION = 1.0;
				PRODUCT_BUNDLE_IDENTIFIER = com.Kurokawa.KURO.Count;
				PRODUCT_NAME = "$(TARGET_NAME)";
				SWIFT_EMIT_LOC_STRINGS = YES;
				SWIFT_VERSION = 5.0;
				TARGETED_DEVICE_FAMILY = "1,2";
			};
			name = Release;
		};
		BF64D1092A14D8DD0025250B /* Debug */ = {
			isa = XCBuildConfiguration;
			buildSettings = {
				ALWAYS_EMBED_SWIFT_STANDARD_LIBRARIES = YES;
				BUNDLE_LOADER = "$(TEST_HOST)";
				CODE_SIGN_STYLE = Automatic;
				CURRENT_PROJECT_VERSION = 1;
				DEVELOPMENT_TEAM = H6WZ83BNAM;
				GENERATE_INFOPLIST_FILE = YES;
				IPHONEOS_DEPLOYMENT_TARGET = 16.4;
				MARKETING_VERSION = 1.0;
				PRODUCT_BUNDLE_IDENTIFIER = com.Kurokawa.KURO.CountTests;
				PRODUCT_NAME = "$(TARGET_NAME)";
				SWIFT_EMIT_LOC_STRINGS = NO;
				SWIFT_VERSION = 5.0;
				TARGETED_DEVICE_FAMILY = "1,2";
				TEST_HOST = "$(BUILT_PRODUCTS_DIR)/Count.app/$(BUNDLE_EXECUTABLE_FOLDER_PATH)/Count";
			};
			name = Debug;
		};
		BF64D10A2A14D8DD0025250B /* Release */ = {
			isa = XCBuildConfiguration;
			buildSettings = {
				ALWAYS_EMBED_SWIFT_STANDARD_LIBRARIES = YES;
				BUNDLE_LOADER = "$(TEST_HOST)";
				CODE_SIGN_STYLE = Automatic;
				CURRENT_PROJECT_VERSION = 1;
				DEVELOPMENT_TEAM = H6WZ83BNAM;
				GENERATE_INFOPLIST_FILE = YES;
				IPHONEOS_DEPLOYMENT_TARGET = 16.4;
				MARKETING_VERSION = 1.0;
				PRODUCT_BUNDLE_IDENTIFIER = com.Kurokawa.KURO.CountTests;
				PRODUCT_NAME = "$(TARGET_NAME)";
				SWIFT_EMIT_LOC_STRINGS = NO;
				SWIFT_VERSION = 5.0;
				TARGETED_DEVICE_FAMILY = "1,2";
				TEST_HOST = "$(BUILT_PRODUCTS_DIR)/Count.app/$(BUNDLE_EXECUTABLE_FOLDER_PATH)/Count";
			};
			name = Release;
		};
		BF64D10C2A14D8DD0025250B /* Debug */ = {
			isa = XCBuildConfiguration;
			buildSettings = {
				ALWAYS_EMBED_SWIFT_STANDARD_LIBRARIES = YES;
				CODE_SIGN_STYLE = Automatic;
				CURRENT_PROJECT_VERSION = 1;
				DEVELOPMENT_TEAM = H6WZ83BNAM;
				GENERATE_INFOPLIST_FILE = YES;
				MARKETING_VERSION = 1.0;
				PRODUCT_BUNDLE_IDENTIFIER = com.Kurokawa.KURO.CountUITests;
				PRODUCT_NAME = "$(TARGET_NAME)";
				SWIFT_EMIT_LOC_STRINGS = NO;
				SWIFT_VERSION = 5.0;
				TARGETED_DEVICE_FAMILY = "1,2";
				TEST_TARGET_NAME = Count;
			};
			name = Debug;
		};
		BF64D10D2A14D8DD0025250B /* Release */ = {
			isa = XCBuildConfiguration;
			buildSettings = {
				ALWAYS_EMBED_SWIFT_STANDARD_LIBRARIES = YES;
				CODE_SIGN_STYLE = Automatic;
				CURRENT_PROJECT_VERSION = 1;
				DEVELOPMENT_TEAM = H6WZ83BNAM;
				GENERATE_INFOPLIST_FILE = YES;
				MARKETING_VERSION = 1.0;
				PRODUCT_BUNDLE_IDENTIFIER = com.Kurokawa.KURO.CountUITests;
				PRODUCT_NAME = "$(TARGET_NAME)";
				SWIFT_EMIT_LOC_STRINGS = NO;
				SWIFT_VERSION = 5.0;
				TARGETED_DEVICE_FAMILY = "1,2";
				TEST_TARGET_NAME = Count;
			};
			name = Release;
		};
/* End XCBuildConfiguration section */

/* Begin XCConfigurationList section */
		BF64D0DC2A14D8DB0025250B /* Build configuration list for PBXProject "Count" */ = {
			isa = XCConfigurationList;
			buildConfigurations = (
				BF64D1032A14D8DD0025250B /* Debug */,
				BF64D1042A14D8DD0025250B /* Release */,
			);
			defaultConfigurationIsVisible = 0;
			defaultConfigurationName = Release;
		};
		BF64D1052A14D8DD0025250B /* Build configuration list for PBXNativeTarget "Count" */ = {
			isa = XCConfigurationList;
			buildConfigurations = (
				BF64D1062A14D8DD0025250B /* Debug */,
				BF64D1072A14D8DD0025250B /* Release */,
			);
			defaultConfigurationIsVisible = 0;
			defaultConfigurationName = Release;
		};
		BF64D1082A14D8DD0025250B /* Build configuration list for PBXNativeTarget "CountTests" */ = {
			isa = XCConfigurationList;
			buildConfigurations = (
				BF64D1092A14D8DD0025250B /* Debug */,
				BF64D10A2A14D8DD0025250B /* Release */,
			);
			defaultConfigurationIsVisible = 0;
			defaultConfigurationName = Release;
		};
		BF64D10B2A14D8DD0025250B /* Build configuration list for PBXNativeTarget "CountUITests" */ = {
			isa = XCConfigurationList;
			buildConfigurations = (
				BF64D10C2A14D8DD0025250B /* Debug */,
				BF64D10D2A14D8DD0025250B /* Release */,
			);
			defaultConfigurationIsVisible = 0;
			defaultConfigurationName = Release;
		};
/* End XCConfigurationList section */
	};
	rootObject = BF64D0D92A14D8DB0025250B /* Project object */;
}
